{
  "pins" : [
    {
      "identity" : "scanbot-sdk-native-wrapper-spm",
      "kind" : "remoteSourceControl",
      "location" : "https://github.com/doo/scanbot-sdk-native-wrapper-spm.git",
      "state" : {
        "revision" : "c3ccb49eb1009a98d5ac4535a2f1ec3e24d7c36b",
        "version" : "10.0.1"
      }
    }
  ],
  "version" : 2
}
