PODS:
  - Flutter (1.0.0)
  - image_picker_ios (0.0.1):
    - Flutter
  - path_provider_foundation (0.0.1):
    - Flutter
    - FlutterMacOS
  - permission_handler_apple (9.0.4):
    - Flutter
  - scanbot_image_picker (1.0.1):
    - Flutter
    - scanbot_image_picker/Assets (= 1.0.1)
  - scanbot_image_picker/Assets (1.0.1):
    - Flutter
  - scanbot_sdk (1.0.0):
    - Flutter
    - ScanbotSDK (= 2.3.2-RC1)
  - ScanbotSDK (2.3.2-RC1):
    - ScanbotSDK/NONE (= 2.3.2-RC1)
  - ScanbotSDK/NONE (2.3.2-RC1)
  - shared_preferences_foundation (0.0.1):
    - Flutter
    - FlutterMacOS

DEPENDENCIES:
  - Flutter (from `Flutter`)
  - image_picker_ios (from `.symlinks/plugins/image_picker_ios/ios`)
  - path_provider_foundation (from `.symlinks/plugins/path_provider_foundation/darwin`)
  - permission_handler_apple (from `.symlinks/plugins/permission_handler_apple/ios`)
  - scanbot_image_picker (from `.symlinks/plugins/scanbot_image_picker/ios`)
  - scanbot_sdk (from `.symlinks/plugins/scanbot_sdk/ios`)
  - shared_preferences_foundation (from `.symlinks/plugins/shared_preferences_foundation/darwin`)

SPEC REPOS:
  trunk:
    - ScanbotSDK

EXTERNAL SOURCES:
  Flutter:
    :path: Flutter
  image_picker_ios:
    :path: ".symlinks/plugins/image_picker_ios/ios"
  path_provider_foundation:
    :path: ".symlinks/plugins/path_provider_foundation/darwin"
  permission_handler_apple:
    :path: ".symlinks/plugins/permission_handler_apple/ios"
  scanbot_image_picker:
    :path: ".symlinks/plugins/scanbot_image_picker/ios"
  scanbot_sdk:
    :path: ".symlinks/plugins/scanbot_sdk/ios"
  shared_preferences_foundation:
    :path: ".symlinks/plugins/shared_preferences_foundation/darwin"

SPEC CHECKSUMS:
  Flutter: f04841e97a9d0b0a8025694d0796dd46242b2854
  image_picker_ios: 58b9c4269cb176f89acea5e5d043c9358f2d25f8
  path_provider_foundation: c68054786f1b4f3343858c1e1d0caaded73f0be9
  permission_handler_apple: 44366e37eaf29454a1e7b1b7d736c2cceaeb17ce
  scanbot_image_picker: 1c256c797d7a1c32a23efbb4acbf37b55d5e3ebc
  scanbot_sdk: 841f4029b4ef1a7582cfefa56ee5befe7fcba223
  ScanbotSDK: 423210c481b0d4563be7c1c0bb40d92255a4099b
  shared_preferences_foundation: 986fc17f3d3251412d18b0265f9c64113a8c2472

PODFILE CHECKSUM: de931284b2a18bb0f9cda1e80c79ad438da44b7e

COCOAPODS: 1.12.1
