PODS:
  - Flutter (1.0.0)
  - image_picker (0.0.1):
    - Flutter
  - path_provider (0.0.1):
    - Flutter
  - scanbot_sdk (1.0.0):
    - Flutter
    - ScanbotSDK/MRZ (= 1.9.6)
  - ScanbotSDK/MRZ (1.9.6)

DEPENDENCIES:
  - Flutter (from `Flutter`)
  - image_picker (from `.symlinks/plugins/image_picker/ios`)
  - path_provider (from `.symlinks/plugins/path_provider/ios`)
  - scanbot_sdk (from `.symlinks/plugins/scanbot_sdk/ios`)

SPEC REPOS:
  trunk:
    - ScanbotSDK

EXTERNAL SOURCES:
  Flutter:
    :path: Flutter
  image_picker:
    :path: ".symlinks/plugins/image_picker/ios"
  path_provider:
    :path: ".symlinks/plugins/path_provider/ios"
  scanbot_sdk:
    :path: ".symlinks/plugins/scanbot_sdk/ios"

SPEC CHECKSUMS:
  Flutter: 0e3d915762c693b495b44d77113d4970485de6ec
  image_picker: e3eacd46b94694dde7cf2705955cece853aa1a8f
  path_provider: fb74bd0465e96b594bb3b5088ee4a4e7bb1f2a9d
  scanbot_sdk: ea4c3f87c6db334929a5ab37654c74c00de5b0ba
  ScanbotSDK: 1cc1899636d612bfc11490da20ed67e7265222c0

PODFILE CHECKSUM: e45c292f618eeca3034958d33b444b6e1249b55f

COCOAPODS: 1.8.4
